
Microsoft Visual Studio Solution File, Format Version 12.00
# Visual Studio Version 17
VisualStudioVersion = 17.5.002.0
MinimumVisualStudioVersion = 10.0.40219.1
Project("{9A19103F-16F7-4668-BE54-9A1E7A4F7556}") = "ventaura_backend", "ventaura_backend.csproj", "{884BEC8B-25D2-4BBB-9419-9309C18129B9}"
EndProject
Global
	GlobalSection(SolutionConfigurationPlatforms) = preSolution
		Debug|Any CPU = Debug|Any CPU
		Release|Any CPU = Release|Any CPU
	EndGlobalSection
	GlobalSection(ProjectConfigurationPlatforms) = postSolution
		{884BEC8B-25D2-4BBB-9419-9309C18129B9}.Debug|Any CPU.ActiveCfg = Debug|Any CPU
		{884BEC8B-25D2-4BBB-9419-9309C18129B9}.Debug|Any CPU.Build.0 = Debug|Any CPU
		{884BEC8B-25D2-4BBB-9419-9309C18129B9}.Release|Any CPU.ActiveCfg = Release|Any CPU
		{884BEC8B-25D2-4BBB-9419-9309C18129B9}.Release|Any CPU.Build.0 = Release|Any CPU
	EndGlobalSection
	GlobalSection(SolutionProperties) = preSolution
		HideSolutionNode = FALSE
	EndGlobalSection
	GlobalSection(ExtensibilityGlobals) = postSolution
		SolutionGuid = {8D727158-3BCD-4B3F-A8E2-60E9214223D0}
	EndGlobalSection
EndGlobal
